dependencies:
- name: magda
  repository: https://charts.magda.io
  version: 0.0.57
- name: magda-ckan-connector
  repository: https://charts.magda.io
  version: 0.0.57-0
- name: magda-project-open-data-connector
  repository: https://charts.magda.io
  version: 0.0.57-0
digest: sha256:a288f7a28d9d992970601a638c7e7ad0c05f1a57d523d9d6e5d9410c3dc7eb0a
generated: "2020-09-15T18:28:36.837913+10:00"
