dependencies:
- name: magda
  repository: https://charts.magda.io
  version: 0.0.60-alpha.3
- name: magda-auth-google
  repository: https://charts.magda.io
  version: 1.0.1
- name: magda-auth-ckan
  repository: https://charts.magda.io
  version: 1.0.1
- name: magda-auth-internal
  repository: https://charts.magda.io
  version: 1.0.1
- name: magda-auth-arcgis
  repository: https://charts.magda.io
  version: 1.0.1
- name: magda-ckan-connector
  repository: https://charts.magda.io
  version: 0.0.57-0
- name: magda-project-open-data-connector
  repository: https://charts.magda.io
  version: 0.0.57-0
digest: sha256:3c6508b008213360c7b380deff3768c0600662a191ff51a6c7683a55b5c85632
generated: "2021-04-07T09:07:12.366354+10:00"
